
Microsoft Visual Studio Solution File, Format Version 12.00
# Visual Studio 2013
VisualStudioVersion = 12.0.31101.0
MinimumVisualStudioVersion = 10.0.40219.1
Project("{FAE04EC0-301F-11D3-BF4B-00C04F79EFBC}") = "OffshoreFundDebitOrderSystem", "OffshoreFundDebitOrderSystem\OffshoreFundDebitOrderSystem.csproj", "{C23D4416-2A61-4321-9E7A-B015ACB3321F}"
EndProject
Global
	GlobalSection(SolutionConfigurationPlatforms) = preSolution
		Debug|Any CPU = Debug|Any CPU
		Release|Any CPU = Release|Any CPU
	EndGlobalSection
	GlobalSection(ProjectConfigurationPlatforms) = postSolution
		{C23D4416-2A61-4321-9E7A-B015ACB3321F}.Debug|Any CPU.ActiveCfg = Debug|Any CPU
		{C23D4416-2A61-4321-9E7A-B015ACB3321F}.Debug|Any CPU.Build.0 = Debug|Any CPU
		{C23D4416-2A61-4321-9E7A-B015ACB3321F}.Release|Any CPU.ActiveCfg = Release|Any CPU
		{C23D4416-2A61-4321-9E7A-B015ACB3321F}.Release|Any CPU.Build.0 = Release|Any CPU
	EndGlobalSection
	GlobalSection(SolutionProperties) = preSolution
		HideSolutionNode = FALSE
	EndGlobalSection
EndGlobal
